
Microsoft Visual Studio Solution File, Format Version 12.00
# Visual Studio Version 17
VisualStudioVersion = 17.12.35527.113
MinimumVisualStudioVersion = 10.0.40219.1
Project("{FAE04EC0-301F-11D3-BF4B-00C04F79EFBC}") = "SistemaControleFinanceiro", "SistemaControleFinanceiro\SistemaControleFinanceiro.csproj", "{4B3AD8AB-D04C-471B-AE3A-C39E608E3FAF}"
EndProject
Project("{FAE04EC0-301F-11D3-BF4B-00C04F79EFBC}") = "DAL", "DAL\DAL.csproj", "{94E24369-718B-4846-9042-0872222EC168}"
EndProject
Project("{FAE04EC0-301F-11D3-BF4B-00C04F79EFBC}") = "NEGOCIOS", "NEGOCIOS\NEGOCIOS.csproj", "{DC5D183C-A00B-4F6B-A0C1-F5896384159E}"
EndProject
Project("{FAE04EC0-301F-11D3-BF4B-00C04F79EFBC}") = "ENTIDADES", "ENTIDADES\ENTIDADES.csproj", "{AA19FFFA-AF7F-420D-8B31-817A7714F430}"
EndProject
Global
	GlobalSection(SolutionConfigurationPlatforms) = preSolution
		Debug|Any CPU = Debug|Any CPU
		Release|Any CPU = Release|Any CPU
	EndGlobalSection
	GlobalSection(ProjectConfigurationPlatforms) = postSolution
		{4B3AD8AB-D04C-471B-AE3A-C39E608E3FAF}.Debug|Any CPU.ActiveCfg = Debug|Any CPU
		{4B3AD8AB-D04C-471B-AE3A-C39E608E3FAF}.Debug|Any CPU.Build.0 = Debug|Any CPU
		{4B3AD8AB-D04C-471B-AE3A-C39E608E3FAF}.Release|Any CPU.ActiveCfg = Release|Any CPU
		{4B3AD8AB-D04C-471B-AE3A-C39E608E3FAF}.Release|Any CPU.Build.0 = Release|Any CPU
		{94E24369-718B-4846-9042-0872222EC168}.Debug|Any CPU.ActiveCfg = Debug|Any CPU
		{94E24369-718B-4846-9042-0872222EC168}.Debug|Any CPU.Build.0 = Debug|Any CPU
		{94E24369-718B-4846-9042-0872222EC168}.Release|Any CPU.ActiveCfg = Release|Any CPU
		{94E24369-718B-4846-9042-0872222EC168}.Release|Any CPU.Build.0 = Release|Any CPU
		{DC5D183C-A00B-4F6B-A0C1-F5896384159E}.Debug|Any CPU.ActiveCfg = Debug|Any CPU
		{DC5D183C-A00B-4F6B-A0C1-F5896384159E}.Debug|Any CPU.Build.0 = Debug|Any CPU
		{DC5D183C-A00B-4F6B-A0C1-F5896384159E}.Release|Any CPU.ActiveCfg = Release|Any CPU
		{DC5D183C-A00B-4F6B-A0C1-F5896384159E}.Release|Any CPU.Build.0 = Release|Any CPU
		{AA19FFFA-AF7F-420D-8B31-817A7714F430}.Debug|Any CPU.ActiveCfg = Debug|Any CPU
		{AA19FFFA-AF7F-420D-8B31-817A7714F430}.Debug|Any CPU.Build.0 = Debug|Any CPU
		{AA19FFFA-AF7F-420D-8B31-817A7714F430}.Release|Any CPU.ActiveCfg = Release|Any CPU
		{AA19FFFA-AF7F-420D-8B31-817A7714F430}.Release|Any CPU.Build.0 = Release|Any CPU
	EndGlobalSection
	GlobalSection(SolutionProperties) = preSolution
		HideSolutionNode = FALSE
	EndGlobalSection
EndGlobal
